Microsoft Visual Studio Solution File, Format Version 12.00
# Visual Studio Version 17
VisualStudioVersion = 17.5.2.0
MinimumVisualStudioVersion = 10.0.40219.1
Project("{2150E333-8FDC-42A3-9474-1A3956D46DE8}") = "src", "src", "{827E0CD3-B72D-47B6-A68D-7590B98EB39B}"
EndProject
Project("{FAE04EC0-301F-11D3-BF4B-00C04F79EFBC}") = "TransactionApi", "src\TransactionApi\TransactionApi.csproj", "{7DF7225D-AA48-7737-DA92-C632D519BFAD}"
EndProject
Global
	GlobalSection(SolutionConfigurationPlatforms) = preSolution
		Debug|Any CPU = Debug|Any CPU
		Release|Any CPU = Release|Any CPU
	EndGlobalSection
	GlobalSection(ProjectConfigurationPlatforms) = postSolution
		{7DF7225D-AA48-7737-DA92-C632D519BFAD}.Debug|Any CPU.ActiveCfg = Debug|Any CPU
		{7DF7225D-AA48-7737-DA92-C632D519BFAD}.Debug|Any CPU.Build.0 = Debug|Any CPU
		{7DF7225D-AA48-7737-DA92-C632D519BFAD}.Release|Any CPU.ActiveCfg = Release|Any CPU
		{7DF7225D-AA48-7737-DA92-C632D519BFAD}.Release|Any CPU.Build.0 = Release|Any CPU
	EndGlobalSection
	GlobalSection(SolutionProperties) = preSolution
		HideSolutionNode = FALSE
	EndGlobalSection
	GlobalSection(NestedProjects) = preSolution
		{7DF7225D-AA48-7737-DA92-C632D519BFAD} = {827E0CD3-B72D-47B6-A68D-7590B98EB39B}
	EndGlobalSection
	GlobalSection(ExtensibilityGlobals) = postSolution
		SolutionGuid = {759C223C-FC72-4E1E-9B5B-DE2D2531F440}
	EndGlobalSection
EndGlobal
